github.com/disintegration/gift v1.2.1 h1:Y005a1X4Z7Uc+0gLpSAsKhWi4qLtsdEcMIbbdvdZ6pc=
github.com/disintegration/gift v1.2.1/go.mod h1:Jh2i7f7Q2BM7Ezno3PhfezbR1xpUg9dUg3/RlKGr4HI=
github.com/go-gl/gl v0.0.0-20180407155706-68e253793080/go.mod h1:482civXOzJJCPzJ4ZOX/pwvXBWSnzD4OKMdH4ClKGbk=
github.com/go-gl/glfw v0.0.0-20180426074136-46a8d530c326/go.mod h1:vR7hzQXu2zJy9AVAgeJqvqgH9Q5CA+iKCZ2gyEVpxRU=
github.com/golang/freetype v0.0.0-20170609003504-e2365dfdc4a0 h1:DACJavvAHhabrF08vX0COfcOBJRhZ8lUbR+ZWIs0Y5g=
github.com/golang/freetype v0.0.0-20170609003504-e2365dfdc4a0/go.mod h1:E/TSTwGwJL78qG/PmXZO1EjYhfJinVAhrmmHX6Z8B9k=
github.com/jung-kurt/gofpdf v1.0.0/go.mod h1:7Id9E/uU8ce6rXgefFLlgrJj/GYY22cpxn+r32jIOes=
github.com/llgcode/draw2d v0.0.0-20200603164053-19660b984a28 h1:uahb8nqGTCUtkKCSdYwU8CsNfkTz4VEeOXxeM2E7VTQ=
github.com/llgcode/draw2d v0.0.0-20200603164053-19660b984a28/go.mod h1:mVa0dA29Db2S4LVqDYLlsePDzRJLDfdhVZiI15uY0FA=
github.com/llgcode/ps v0.0.0-20150911083025-f1443b32eedb h1:61ndUreYSlWFeCY44JxDDkngVoI7/1MVhEl98Nm0KOk=
github.com/llgcode/ps v0.0.0-20150911083025-f1443b32eedb/go.mod h1:1l8ky+Ew27CMX29uG+a2hNOKpeNYEQjjtiALiBlFQbY=
github.com/meinside/kakao-api-go v0.2.1 h1:fC5vHZ6cLVIKuyxj2uGFcLXh7z+EE/zDXr1P6QRpL8k=
github.com/meinside/kakao-api-go v0.2.1/go.mod h1:dLlGzCg9IjlJewzGY9AOgxfOL2r1htvZcNRf+8QYCSY=
github.com/meinside/loggly-go v0.1.8 h1:S2tZ/xihGvW77y1DJP5RhtzbJW/fg/1xb4T1YNeBu18=
github.com/meinside/loggly-go v0.1.8/go.mod h1:PZPbV/jxZBRU1hFv/8uo+Hus3p1PZe8ny85vPsCxUSs=
github.com/meinside/telegram-bot-go v0.2.2 h1:23pcTLoTLCo1b+2jDp2SDI/qATDDmUcn/xJvi1E6X64=
github.com/meinside/telegram-bot-go v0.2.2/go.mod h1:jDaH+fUmboVGzFjj8upRElBzCi/mifXwW1Hh1ZWsMI0=
github.com/meinside/wasm-helper-go v0.2.0/go.mod h1:R7HWwqw/j/ybMTaQ/WF/wiN6YbYY8LLINQp28lcWork=
golang.org/x/image v0.0.0-20180708004352-c73c2afc3b81 h1:00VmoueYNlNz/aHIilyyQz/MHSqGoWJzpFv/HW8xpzI=
golang.org/x/image v0.0.0-20180708004352-c73c2afc3b81/go.mod h1:ux5Hcp/YLpHSI86hEcLt0YII63i6oz57MZXIpbrjZUs=
